
Microsoft Visual Studio Solution File, Format Version 12.00
# Visual Studio Version 16
VisualStudioVersion = 16.0.31025.194
MinimumVisualStudioVersion = 10.0.40219.1
Project("{FAE04EC0-301F-11D3-BF4B-00C04F79EFBC}") = "ServicoAPICore", "ServicoAPICore\ServicoAPICore.csproj", "{A88EF7BC-DAD3-41D7-AE77-D6CB43E59CAF}"
EndProject
Global
	GlobalSection(SolutionConfigurationPlatforms) = preSolution
		Debug|Any CPU = Debug|Any CPU
		Release|Any CPU = Release|Any CPU
	EndGlobalSection
	GlobalSection(ProjectConfigurationPlatforms) = postSolution
		{A88EF7BC-DAD3-41D7-AE77-D6CB43E59CAF}.Debug|Any CPU.ActiveCfg = Debug|Any CPU
		{A88EF7BC-DAD3-41D7-AE77-D6CB43E59CAF}.Debug|Any CPU.Build.0 = Debug|Any CPU
		{A88EF7BC-DAD3-41D7-AE77-D6CB43E59CAF}.Release|Any CPU.ActiveCfg = Release|Any CPU
		{A88EF7BC-DAD3-41D7-AE77-D6CB43E59CAF}.Release|Any CPU.Build.0 = Release|Any CPU
	EndGlobalSection
	GlobalSection(SolutionProperties) = preSolution
		HideSolutionNode = FALSE
	EndGlobalSection
	GlobalSection(ExtensibilityGlobals) = postSolution
		SolutionGuid = {1A5D6B48-D6BF-445B-AB1B-15DB96723FE9}
	EndGlobalSection
EndGlobal
